
Microsoft Visual Studio Solution File, Format Version 12.00
# Visual Studio Version 17
VisualStudioVersion = 17.11.35312.102
MinimumVisualStudioVersion = 10.0.40219.1
Project("{2150E333-8FDC-42A3-9474-1A3956D46DE8}") = "Application", "Application", "{12023581-F2A1-43D2-8893-9E5CCCC71595}"
EndProject
Project("{2150E333-8FDC-42A3-9474-1A3956D46DE8}") = "Domain", "Domain", "{F1144EEE-E4FB-4BFD-97BA-144256E46C83}"
EndProject
Project("{2150E333-8FDC-42A3-9474-1A3956D46DE8}") = "Infrastructure", "Infrastructure", "{4DB49AC1-92FF-46C3-96B6-0EFAEFE016D3}"
EndProject
Project("{9A19103F-16F7-4668-BE54-9A1E7A4F7556}") = "ChatApp.API", "src\Infrastructure\ChatApp.API\ChatApp.API.csproj", "{8604971D-D3F2-49E5-AB8A-E83453304B1A}"
EndProject
Project("{9A19103F-16F7-4668-BE54-9A1E7A4F7556}") = "ChatApp.Domain", "src\Domain\ChatApp.Domain\ChatApp.Domain.csproj", "{55A780A2-B855-40DF-8E8C-D5DA25BF616E}"
EndProject
Project("{9A19103F-16F7-4668-BE54-9A1E7A4F7556}") = "ChatApp.Application", "src\Application\ChatApp.Application\ChatApp.Application.csproj", "{1F0600AE-E62C-47A0-9E83-BEE9472FDEFB}"
EndProject
Project("{9A19103F-16F7-4668-BE54-9A1E7A4F7556}") = "ChatApp.Infrastructure", "src\Infrastructure\ChatApp.Infrastructure\ChatApp.Infrastructure.csproj", "{A8A25E25-A9F6-4E87-AF62-3DCA6768C225}"
EndProject
Project("{FAE04EC0-301F-11D3-BF4B-00C04F79EFBC}") = "ChatApp.Infrastructure.Http", "src\Infrastructure\ChatApp.Infrastructure.Http\ChatApp.Infrastructure.Http.csproj", "{DAFAEF8F-86FB-4CD5-BB58-9B9837B4E210}"
EndProject
Project("{FAE04EC0-301F-11D3-BF4B-00C04F79EFBC}") = "ChatApp.Client", "src\Application\ChatApp.Client\ChatApp.Client.csproj", "{27409AD9-4911-47F4-8DC8-90FCF2C108CB}"
EndProject
Global
	GlobalSection(SolutionConfigurationPlatforms) = preSolution
		Debug|Any CPU = Debug|Any CPU
		Release|Any CPU = Release|Any CPU
	EndGlobalSection
	GlobalSection(ProjectConfigurationPlatforms) = postSolution
		{8604971D-D3F2-49E5-AB8A-E83453304B1A}.Debug|Any CPU.ActiveCfg = Debug|Any CPU
		{8604971D-D3F2-49E5-AB8A-E83453304B1A}.Debug|Any CPU.Build.0 = Debug|Any CPU
		{8604971D-D3F2-49E5-AB8A-E83453304B1A}.Release|Any CPU.ActiveCfg = Release|Any CPU
		{8604971D-D3F2-49E5-AB8A-E83453304B1A}.Release|Any CPU.Build.0 = Release|Any CPU
		{55A780A2-B855-40DF-8E8C-D5DA25BF616E}.Debug|Any CPU.ActiveCfg = Debug|Any CPU
		{55A780A2-B855-40DF-8E8C-D5DA25BF616E}.Debug|Any CPU.Build.0 = Debug|Any CPU
		{55A780A2-B855-40DF-8E8C-D5DA25BF616E}.Release|Any CPU.ActiveCfg = Release|Any CPU
		{55A780A2-B855-40DF-8E8C-D5DA25BF616E}.Release|Any CPU.Build.0 = Release|Any CPU
		{1F0600AE-E62C-47A0-9E83-BEE9472FDEFB}.Debug|Any CPU.ActiveCfg = Debug|Any CPU
		{1F0600AE-E62C-47A0-9E83-BEE9472FDEFB}.Debug|Any CPU.Build.0 = Debug|Any CPU
		{1F0600AE-E62C-47A0-9E83-BEE9472FDEFB}.Release|Any CPU.ActiveCfg = Release|Any CPU
		{1F0600AE-E62C-47A0-9E83-BEE9472FDEFB}.Release|Any CPU.Build.0 = Release|Any CPU
		{A8A25E25-A9F6-4E87-AF62-3DCA6768C225}.Debug|Any CPU.ActiveCfg = Debug|Any CPU
		{A8A25E25-A9F6-4E87-AF62-3DCA6768C225}.Debug|Any CPU.Build.0 = Debug|Any CPU
		{A8A25E25-A9F6-4E87-AF62-3DCA6768C225}.Release|Any CPU.ActiveCfg = Release|Any CPU
		{A8A25E25-A9F6-4E87-AF62-3DCA6768C225}.Release|Any CPU.Build.0 = Release|Any CPU
		{DAFAEF8F-86FB-4CD5-BB58-9B9837B4E210}.Debug|Any CPU.ActiveCfg = Debug|Any CPU
		{DAFAEF8F-86FB-4CD5-BB58-9B9837B4E210}.Debug|Any CPU.Build.0 = Debug|Any CPU
		{DAFAEF8F-86FB-4CD5-BB58-9B9837B4E210}.Release|Any CPU.ActiveCfg = Release|Any CPU
		{DAFAEF8F-86FB-4CD5-BB58-9B9837B4E210}.Release|Any CPU.Build.0 = Release|Any CPU
		{27409AD9-4911-47F4-8DC8-90FCF2C108CB}.Debug|Any CPU.ActiveCfg = Debug|Any CPU
		{27409AD9-4911-47F4-8DC8-90FCF2C108CB}.Debug|Any CPU.Build.0 = Debug|Any CPU
		{27409AD9-4911-47F4-8DC8-90FCF2C108CB}.Release|Any CPU.ActiveCfg = Release|Any CPU
		{27409AD9-4911-47F4-8DC8-90FCF2C108CB}.Release|Any CPU.Build.0 = Release|Any CPU
	EndGlobalSection
	GlobalSection(SolutionProperties) = preSolution
		HideSolutionNode = FALSE
	EndGlobalSection
	GlobalSection(NestedProjects) = preSolution
		{8604971D-D3F2-49E5-AB8A-E83453304B1A} = {4DB49AC1-92FF-46C3-96B6-0EFAEFE016D3}
		{55A780A2-B855-40DF-8E8C-D5DA25BF616E} = {F1144EEE-E4FB-4BFD-97BA-144256E46C83}
		{1F0600AE-E62C-47A0-9E83-BEE9472FDEFB} = {12023581-F2A1-43D2-8893-9E5CCCC71595}
		{A8A25E25-A9F6-4E87-AF62-3DCA6768C225} = {4DB49AC1-92FF-46C3-96B6-0EFAEFE016D3}
		{DAFAEF8F-86FB-4CD5-BB58-9B9837B4E210} = {4DB49AC1-92FF-46C3-96B6-0EFAEFE016D3}
		{27409AD9-4911-47F4-8DC8-90FCF2C108CB} = {12023581-F2A1-43D2-8893-9E5CCCC71595}
	EndGlobalSection
	GlobalSection(ExtensibilityGlobals) = postSolution
		SolutionGuid = {C57FBDB3-00B0-4305-89A6-16E53FC3D025}
	EndGlobalSection
EndGlobal
